{
  "name": "uView",
  "version": "1.0.0",
  "lockfileVersion": 2,
  "requires": true,
  "packages": {
    "": {
      "name": "uView",
      "version": "1.0.0",
      "license": "ISC",
      "dependencies": {
        "dayjs": "^1.10.7",
        "vue-i18n": "^8.20.0"
      }
    },
    "node_modules/dayjs": {
      "version": "1.11.0",
      "resolved": "https://registry.npmjs.org/dayjs/-/dayjs-1.11.0.tgz",
      "integrity": "sha512-JLC809s6Y948/FuCZPm5IX8rRhQwOiyMb2TfVVQEixG7P8Lm/gt5S7yoQZmC8x1UehI9Pb7sksEt4xx14m+7Ug=="
    },
    "node_modules/vue-i18n": {
      "version": "8.27.1",
      "resolved": "https://registry.npmjs.org/vue-i18n/-/vue-i18n-8.27.1.tgz",
      "integrity": "sha512-lWrGm4F25qReJ7XxSnFVb2h3PfW54ldnM4C+YLBGGJ75+Myt/kj4hHSTKqsyDLamvNYpvINMicSOdW+7yuqgIQ=="
    }
  },
  "dependencies": {
    "dayjs": {
      "version": "1.11.0",
      "resolved": "https://registry.npmjs.org/dayjs/-/dayjs-1.11.0.tgz",
      "integrity": "sha512-JLC809s6Y948/FuCZPm5IX8rRhQwOiyMb2TfVVQEixG7P8Lm/gt5S7yoQZmC8x1UehI9Pb7sksEt4xx14m+7Ug=="
    },
    "vue-i18n": {
      "version": "8.27.1",
      "resolved": "https://registry.npmjs.org/vue-i18n/-/vue-i18n-8.27.1.tgz",
      "integrity": "sha512-lWrGm4F25qReJ7XxSnFVb2h3PfW54ldnM4C+YLBGGJ75+Myt/kj4hHSTKqsyDLamvNYpvINMicSOdW+7yuqgIQ=="
    }
  }
}
